{
	"name": "recognize",
	"version": "1.0.0",
	"lockfileVersion": 1,
	"requires": true,
	"dependencies": {
		"@tensorflow-models/mobilenet": {
			"version": "2.1.0",
			"resolved": "https://registry.npmjs.org/@tensorflow-models/mobilenet/-/mobilenet-2.1.0.tgz",
			"integrity": "sha512-JjqT9ijHDFA2FEpUGWg7H2lQ0GrMuE2VmiCRBYmUew6b4JKht8LXDjG5HxZh95YH6c/25sZWTpGeHbquloH+hw=="
		},
		"@tensorflow/tfjs": {
			"version": "3.4.0",
			"resolved": "https://registry.npmjs.org/@tensorflow/tfjs/-/tfjs-3.4.0.tgz",
			"integrity": "sha512-0iLwMc4Xx6ocdBiTg1JzMN2aIK5qmPniuvi0LXbmps+znyTt75ErqGRRyyOLIMyNsB84tuSSs4efutry6md9yw==",
			"requires": {
				"@tensorflow/tfjs-backend-cpu": "3.4.0",
				"@tensorflow/tfjs-backend-webgl": "3.4.0",
				"@tensorflow/tfjs-converter": "3.4.0",
				"@tensorflow/tfjs-core": "3.4.0",
				"@tensorflow/tfjs-data": "3.4.0",
				"@tensorflow/tfjs-layers": "3.4.0",
				"argparse": "^1.0.10",
				"chalk": "^4.1.0",
				"core-js": "3",
				"regenerator-runtime": "^0.13.5",
				"yargs": "^16.0.3"
			}
		},
		"@tensorflow/tfjs-backend-cpu": {
			"version": "3.4.0",
			"resolved": "https://registry.npmjs.org/@tensorflow/tfjs-backend-cpu/-/tfjs-backend-cpu-3.4.0.tgz",
			"integrity": "sha512-qbSLxo0CU1XEy7/KdfEg3RN6C+GKLzQ23ISp8bROqgtq2Gq1+NLY2cgi7RJLJLpb7VQmgLNj4yqRyaOY9gH6Ng==",
			"requires": {
				"@types/seedrandom": "2.4.27",
				"seedrandom": "2.4.3"
			}
		},
		"@tensorflow/tfjs-backend-wasm": {
			"version": "3.5.0",
			"resolved": "https://registry.npmjs.org/@tensorflow/tfjs-backend-wasm/-/tfjs-backend-wasm-3.5.0.tgz",
			"integrity": "sha512-JwdkNBGvBaIBiJOkCTu8bPzjvFE5RkFmMb9ADrv/P4zxnt/ezAg/9VTWfR3dLGgPDAPXl3X+CzYFzOnfx0u3Fg==",
			"requires": {
				"@tensorflow/tfjs-backend-cpu": "3.5.0",
				"@types/emscripten": "~0.0.34"
			},
			"dependencies": {
				"@tensorflow/tfjs-backend-cpu": {
					"version": "3.5.0",
					"resolved": "https://registry.npmjs.org/@tensorflow/tfjs-backend-cpu/-/tfjs-backend-cpu-3.5.0.tgz",
					"integrity": "sha512-aFSbjVLBKV0OpvE4QGSpIvtxhxpqyz09WhnuMZMhxjxCrjrPYbX7gEjXIHvgF8dEs6SX19XUaChgIftyKd2YIQ==",
					"requires": {
						"@types/seedrandom": "2.4.27",
						"seedrandom": "2.4.3"
					}
				}
			}
		},
		"@tensorflow/tfjs-backend-webgl": {
			"version": "3.4.0",
			"resolved": "https://registry.npmjs.org/@tensorflow/tfjs-backend-webgl/-/tfjs-backend-webgl-3.4.0.tgz",
			"integrity": "sha512-1SfKbq78VImViUhOyGJMvg2wfxptXnFcJ6XkF7a+u4vmq4sroPdyaxtkSJvDzXSqOefwRYS4WpskIvEOfyRajw==",
			"requires": {
				"@tensorflow/tfjs-backend-cpu": "3.4.0",
				"@types/offscreencanvas": "~2019.3.0",
				"@types/seedrandom": "2.4.27",
				"@types/webgl-ext": "0.0.30",
				"@types/webgl2": "0.0.5",
				"seedrandom": "2.4.3"
			}
		},
		"@tensorflow/tfjs-converter": {
			"version": "3.4.0",
			"resolved": "https://registry.npmjs.org/@tensorflow/tfjs-converter/-/tfjs-converter-3.4.0.tgz",
			"integrity": "sha512-igZ/S4Pa2DXL1p2J4ifomuH5kWJeRJoyIn8S1/1ufiXgv1hFeAq+ZmqYHce+XT+XWDRO39xZeG6+dwAi6j7iMA=="
		},
		"@tensorflow/tfjs-core": {
			"version": "3.4.0",
			"resolved": "https://registry.npmjs.org/@tensorflow/tfjs-core/-/tfjs-core-3.4.0.tgz",
			"integrity": "sha512-cLiqC+eKFGZj0qfI+Lc7XE9moFaTSN0xs6CH/yGFgR1/1E8HuRkoUmWE3hV6uQ9Er0WZM3RCOgYc3baM2F4OAw==",
			"requires": {
				"@types/offscreencanvas": "~2019.3.0",
				"@types/seedrandom": "2.4.27",
				"@types/webgl-ext": "0.0.30",
				"node-fetch": "~2.6.1",
				"seedrandom": "2.4.3"
			}
		},
		"@tensorflow/tfjs-data": {
			"version": "3.4.0",
			"resolved": "https://registry.npmjs.org/@tensorflow/tfjs-data/-/tfjs-data-3.4.0.tgz",
			"integrity": "sha512-8CM1ZDm5Hk+uU2/pESzLDe7wX/iOpn2gs3vH7oY9IL0MR6NwKmcV8YhZJx2+SoF2QVvEpjcTZlWnJhA8iX6ChQ==",
			"requires": {
				"@types/node-fetch": "^2.1.2",
				"node-fetch": "~2.6.1"
			}
		},
		"@tensorflow/tfjs-layers": {
			"version": "3.4.0",
			"resolved": "https://registry.npmjs.org/@tensorflow/tfjs-layers/-/tfjs-layers-3.4.0.tgz",
			"integrity": "sha512-e2ZWZbp7N4tN7H9DB+WG5RSIlHQSQ6nfUvqLCYY17c9CEVmZMl3k1Nwao3lS6GVja0vZxmbEE9phngABd7mp6A=="
		},
		"@types/emscripten": {
			"version": "0.0.34",
			"resolved": "https://registry.npmjs.org/@types/emscripten/-/emscripten-0.0.34.tgz",
			"integrity": "sha512-QSb9ojDincskc+uKMI0KXp8e1NALFINCrMlp8VGKGcTSxeEyRTTKyjWw75NYrCZHUsVEEEpr1tYHpbtaC++/sQ=="
		},
		"@types/node": {
			"version": "14.14.41",
			"resolved": "https://registry.npmjs.org/@types/node/-/node-14.14.41.tgz",
			"integrity": "sha512-dueRKfaJL4RTtSa7bWeTK1M+VH+Gns73oCgzvYfHZywRCoPSd8EkXBL0mZ9unPTveBn+D9phZBaxuzpwjWkW0g=="
		},
		"@types/node-fetch": {
			"version": "2.5.10",
			"resolved": "https://registry.npmjs.org/@types/node-fetch/-/node-fetch-2.5.10.tgz",
			"integrity": "sha512-IpkX0AasN44hgEad0gEF/V6EgR5n69VEqPEgnmoM8GsIGro3PowbWs4tR6IhxUTyPLpOn+fiGG6nrQhcmoCuIQ==",
			"requires": {
				"@types/node": "*",
				"form-data": "^3.0.0"
			}
		},
		"@types/offscreencanvas": {
			"version": "2019.3.0",
			"resolved": "https://registry.npmjs.org/@types/offscreencanvas/-/offscreencanvas-2019.3.0.tgz",
			"integrity": "sha512-esIJx9bQg+QYF0ra8GnvfianIY8qWB0GBx54PK5Eps6m+xTj86KLavHv6qDhzKcu5UUOgNfJ2pWaIIV7TRUd9Q=="
		},
		"@types/seedrandom": {
			"version": "2.4.27",
			"resolved": "https://registry.npmjs.org/@types/seedrandom/-/seedrandom-2.4.27.tgz",
			"integrity": "sha1-nbVjk33YaRX2kJK8QyWdL0hXjkE="
		},
		"@types/webgl-ext": {
			"version": "0.0.30",
			"resolved": "https://registry.npmjs.org/@types/webgl-ext/-/webgl-ext-0.0.30.tgz",
			"integrity": "sha512-LKVgNmBxN0BbljJrVUwkxwRYqzsAEPcZOe6S2T6ZaBDIrFp0qu4FNlpc5sM1tGbXUYFgdVQIoeLk1Y1UoblyEg=="
		},
		"@types/webgl2": {
			"version": "0.0.5",
			"resolved": "https://registry.npmjs.org/@types/webgl2/-/webgl2-0.0.5.tgz",
			"integrity": "sha512-oGaKsBbxQOY5+aJFV3KECDhGaXt+yZJt2y/OZsnQGLRkH6Fvr7rv4pCt3SRH1somIHfej/c4u7NSpCyd9x+1Ow=="
		},
		"ansi-regex": {
			"version": "5.0.0",
			"resolved": "https://registry.npmjs.org/ansi-regex/-/ansi-regex-5.0.0.tgz",
			"integrity": "sha512-bY6fj56OUQ0hU1KjFNDQuJFezqKdrAyFdIevADiqrWHwSlbmBNMHp5ak2f40Pm8JTFyM2mqxkG6ngkHO11f/lg=="
		},
		"ansi-styles": {
			"version": "4.3.0",
			"resolved": "https://registry.npmjs.org/ansi-styles/-/ansi-styles-4.3.0.tgz",
			"integrity": "sha512-zbB9rCJAT1rbjiVDb2hqKFHNYLxgtk8NURxZ3IZwD3F6NtxbXZQCnnSi1Lkx+IDohdPlFp222wVALIheZJQSEg==",
			"requires": {
				"color-convert": "^2.0.1"
			}
		},
		"argparse": {
			"version": "1.0.10",
			"resolved": "https://registry.npmjs.org/argparse/-/argparse-1.0.10.tgz",
			"integrity": "sha512-o5Roy6tNG4SL/FOkCAN6RzjiakZS25RLYFrcMttJqbdd8BWrnA+fGz57iN5Pb06pvBGvl5gQ0B48dJlslXvoTg==",
			"requires": {
				"sprintf-js": "~1.0.2"
			}
		},
		"asynckit": {
			"version": "0.4.0",
			"resolved": "https://registry.npmjs.org/asynckit/-/asynckit-0.4.0.tgz",
			"integrity": "sha1-x57Zf380y48robyXkLzDZkdLS3k="
		},
		"chalk": {
			"version": "4.1.1",
			"resolved": "https://registry.npmjs.org/chalk/-/chalk-4.1.1.tgz",
			"integrity": "sha512-diHzdDKxcU+bAsUboHLPEDQiw0qEe0qd7SYUn3HgcFlWgbDcfLGswOHYeGrHKzG9z6UYf01d9VFMfZxPM1xZSg==",
			"requires": {
				"ansi-styles": "^4.1.0",
				"supports-color": "^7.1.0"
			}
		},
		"cliui": {
			"version": "7.0.4",
			"resolved": "https://registry.npmjs.org/cliui/-/cliui-7.0.4.tgz",
			"integrity": "sha512-OcRE68cOsVMXp1Yvonl/fzkQOyjLSu/8bhPDfQt0e0/Eb283TKP20Fs2MqoPsr9SwA595rRCA+QMzYc9nBP+JQ==",
			"requires": {
				"string-width": "^4.2.0",
				"strip-ansi": "^6.0.0",
				"wrap-ansi": "^7.0.0"
			}
		},
		"color-convert": {
			"version": "2.0.1",
			"resolved": "https://registry.npmjs.org/color-convert/-/color-convert-2.0.1.tgz",
			"integrity": "sha512-RRECPsj7iu/xb5oKYcsFHSppFNnsj/52OVTRKb4zP5onXwVF3zVmmToNcOfGC+CRDpfK/U584fMg38ZHCaElKQ==",
			"requires": {
				"color-name": "~1.1.4"
			}
		},
		"color-name": {
			"version": "1.1.4",
			"resolved": "https://registry.npmjs.org/color-name/-/color-name-1.1.4.tgz",
			"integrity": "sha512-dOy+3AuW3a2wNbZHIuMZpTcgjGuLU/uBL/ubcZF9OXbDo8ff4O8yVp5Bf0efS8uEoYo5q4Fx7dY9OgQGXgAsQA=="
		},
		"combined-stream": {
			"version": "1.0.8",
			"resolved": "https://registry.npmjs.org/combined-stream/-/combined-stream-1.0.8.tgz",
			"integrity": "sha512-FQN4MRfuJeHf7cBbBMJFXhKSDq+2kAArBlmRBvcvFE5BB1HZKXtSFASDhdlz9zOYwxh8lDdnvmMOe/+5cdoEdg==",
			"requires": {
				"delayed-stream": "~1.0.0"
			}
		},
		"core-js": {
			"version": "3.10.2",
			"resolved": "https://registry.npmjs.org/core-js/-/core-js-3.10.2.tgz",
			"integrity": "sha512-W+2oVYeNghuBr3yTzZFQ5rfmjZtYB/Ubg87R5YOmlGrIb+Uw9f7qjUbhsj+/EkXhcV7eOD3jiM4+sgraX3FZUw=="
		},
		"delayed-stream": {
			"version": "1.0.0",
			"resolved": "https://registry.npmjs.org/delayed-stream/-/delayed-stream-1.0.0.tgz",
			"integrity": "sha1-3zrhmayt+31ECqrgsp4icrJOxhk="
		},
		"emoji-regex": {
			"version": "8.0.0",
			"resolved": "https://registry.npmjs.org/emoji-regex/-/emoji-regex-8.0.0.tgz",
			"integrity": "sha512-MSjYzcWNOA0ewAHpz0MxpYFvwg6yjy1NG3xteoqz644VCo/RPgnr1/GGt+ic3iJTzQ8Eu3TdM14SawnVUmGE6A=="
		},
		"escalade": {
			"version": "3.1.1",
			"resolved": "https://registry.npmjs.org/escalade/-/escalade-3.1.1.tgz",
			"integrity": "sha512-k0er2gUkLf8O0zKJiAhmkTnJlTvINGv7ygDNPbeIsX/TJjGJZHuh9B2UxbsaEkmlEo9MfhrSzmhIlhRlI2GXnw=="
		},
		"form-data": {
			"version": "3.0.1",
			"resolved": "https://registry.npmjs.org/form-data/-/form-data-3.0.1.tgz",
			"integrity": "sha512-RHkBKtLWUVwd7SqRIvCZMEvAMoGUp0XU+seQiZejj0COz3RI3hWP4sCv3gZWWLjJTd7rGwcsF5eKZGii0r/hbg==",
			"requires": {
				"asynckit": "^0.4.0",
				"combined-stream": "^1.0.8",
				"mime-types": "^2.1.12"
			}
		},
		"get-caller-file": {
			"version": "2.0.5",
			"resolved": "https://registry.npmjs.org/get-caller-file/-/get-caller-file-2.0.5.tgz",
			"integrity": "sha512-DyFP3BM/3YHTQOCUL/w0OZHR0lpKeGrxotcHWcqNEdnltqFwXVfhEBQ94eIo34AfQpo0rGki4cyIiftY06h2Fg=="
		},
		"has-flag": {
			"version": "4.0.0",
			"resolved": "https://registry.npmjs.org/has-flag/-/has-flag-4.0.0.tgz",
			"integrity": "sha512-EykJT/Q1KjTWctppgIAgfSO0tKVuZUjhgMr17kqTumMl6Afv3EISleU7qZUzoXDFTAHTDC4NOoG/ZxU3EvlMPQ=="
		},
		"is-fullwidth-code-point": {
			"version": "3.0.0",
			"resolved": "https://registry.npmjs.org/is-fullwidth-code-point/-/is-fullwidth-code-point-3.0.0.tgz",
			"integrity": "sha512-zymm5+u+sCsSWyD9qNaejV3DFvhCKclKdizYaJUuHA83RLjb7nSuGnddCHGv0hk+KY7BMAlsWeK4Ueg6EV6XQg=="
		},
		"jpeg-js": {
			"version": "0.4.3",
			"resolved": "https://registry.npmjs.org/jpeg-js/-/jpeg-js-0.4.3.tgz",
			"integrity": "sha512-ru1HWKek8octvUHFHvE5ZzQ1yAsJmIvRdGWvSoKV52XKyuyYA437QWDttXT8eZXDSbuMpHlLzPDZUPd6idIz+Q=="
		},
		"lodash": {
			"version": "4.17.21",
			"resolved": "https://registry.npmjs.org/lodash/-/lodash-4.17.21.tgz",
			"integrity": "sha512-v2kDEe57lecTulaDIuNTPy3Ry4gLGJ6Z1O3vE1krgXZNrsQ+LFTGHVxVjcXPs17LhbZVGedAJv8XZ1tvj5FvSg=="
		},
		"mime-db": {
			"version": "1.47.0",
			"resolved": "https://registry.npmjs.org/mime-db/-/mime-db-1.47.0.tgz",
			"integrity": "sha512-QBmA/G2y+IfeS4oktet3qRZ+P5kPhCKRXxXnQEudYqUaEioAU1/Lq2us3D/t1Jfo4hE9REQPrbB7K5sOczJVIw=="
		},
		"mime-types": {
			"version": "2.1.30",
			"resolved": "https://registry.npmjs.org/mime-types/-/mime-types-2.1.30.tgz",
			"integrity": "sha512-crmjA4bLtR8m9qLpHvgxSChT+XoSlZi8J4n/aIdn3z92e/U47Z0V/yl+Wh9W046GgFVAmoNR/fmdbZYcSSIUeg==",
			"requires": {
				"mime-db": "1.47.0"
			}
		},
		"node-fetch": {
			"version": "2.6.1",
			"resolved": "https://registry.npmjs.org/node-fetch/-/node-fetch-2.6.1.tgz",
			"integrity": "sha512-V4aYg89jEoVRxRb2fJdAg8FHvI7cEyYdVAh94HH0UIK8oJxUfkjlDQN9RbMx+bEjP7+ggMiFRprSti032Oipxw=="
		},
		"regenerator-runtime": {
			"version": "0.13.7",
			"resolved": "https://registry.npmjs.org/regenerator-runtime/-/regenerator-runtime-0.13.7.tgz",
			"integrity": "sha512-a54FxoJDIr27pgf7IgeQGxmqUNYrcV338lf/6gH456HZ/PhX+5BcwHXG9ajESmwe6WRO0tAzRUrRmNONWgkrew=="
		},
		"require-directory": {
			"version": "2.1.1",
			"resolved": "https://registry.npmjs.org/require-directory/-/require-directory-2.1.1.tgz",
			"integrity": "sha1-jGStX9MNqxyXbiNE/+f3kqam30I="
		},
		"seedrandom": {
			"version": "2.4.3",
			"resolved": "https://registry.npmjs.org/seedrandom/-/seedrandom-2.4.3.tgz",
			"integrity": "sha1-JDhQTa0zkXMUv/GKxNeU8W1qrsw="
		},
		"sprintf-js": {
			"version": "1.0.3",
			"resolved": "https://registry.npmjs.org/sprintf-js/-/sprintf-js-1.0.3.tgz",
			"integrity": "sha1-BOaSb2YolTVPPdAVIDYzuFcpfiw="
		},
		"string-width": {
			"version": "4.2.2",
			"resolved": "https://registry.npmjs.org/string-width/-/string-width-4.2.2.tgz",
			"integrity": "sha512-XBJbT3N4JhVumXE0eoLU9DCjcaF92KLNqTmFCnG1pf8duUxFGwtP6AD6nkjw9a3IdiRtL3E2w3JDiE/xi3vOeA==",
			"requires": {
				"emoji-regex": "^8.0.0",
				"is-fullwidth-code-point": "^3.0.0",
				"strip-ansi": "^6.0.0"
			}
		},
		"strip-ansi": {
			"version": "6.0.0",
			"resolved": "https://registry.npmjs.org/strip-ansi/-/strip-ansi-6.0.0.tgz",
			"integrity": "sha512-AuvKTrTfQNYNIctbR1K/YGTR1756GycPsg7b9bdV9Duqur4gv6aKqHXah67Z8ImS7WEz5QVcOtlfW2rZEugt6w==",
			"requires": {
				"ansi-regex": "^5.0.0"
			}
		},
		"supports-color": {
			"version": "7.2.0",
			"resolved": "https://registry.npmjs.org/supports-color/-/supports-color-7.2.0.tgz",
			"integrity": "sha512-qpCAvRl9stuOHveKsn7HncJRvv501qIacKzQlO/+Lwxc9+0q2wLyv4Dfvt80/DPn2pqOBsJdDiogXGR9+OvwRw==",
			"requires": {
				"has-flag": "^4.0.0"
			}
		},
		"wrap-ansi": {
			"version": "7.0.0",
			"resolved": "https://registry.npmjs.org/wrap-ansi/-/wrap-ansi-7.0.0.tgz",
			"integrity": "sha512-YVGIj2kamLSTxw6NsZjoBxfSwsn0ycdesmc4p+Q21c5zPuZ1pl+NfxVdxPtdHvmNVOQ6XSYG4AUtyt/Fi7D16Q==",
			"requires": {
				"ansi-styles": "^4.0.0",
				"string-width": "^4.1.0",
				"strip-ansi": "^6.0.0"
			}
		},
		"y18n": {
			"version": "5.0.8",
			"resolved": "https://registry.npmjs.org/y18n/-/y18n-5.0.8.tgz",
			"integrity": "sha512-0pfFzegeDWJHJIAmTLRP2DwHjdF5s7jo9tuztdQxAhINCdvS+3nGINqPd00AphqJR/0LhANUS6/+7SCb98YOfA=="
		},
		"yaml": {
			"version": "1.10.2",
			"resolved": "https://registry.npmjs.org/yaml/-/yaml-1.10.2.tgz",
			"integrity": "sha512-r3vXyErRCYJ7wg28yvBY5VSoAF8ZvlcW9/BwUzEtUsjvX/DKs24dIkuwjtuprwJJHsbyUbLApepYTR1BN4uHrg=="
		},
		"yargs": {
			"version": "16.2.0",
			"resolved": "https://registry.npmjs.org/yargs/-/yargs-16.2.0.tgz",
			"integrity": "sha512-D1mvvtDG0L5ft/jGWkLpG1+m0eQxOfaBvTNELraWj22wSVUMWxZUvYgJYcKh6jGGIkJFhH4IZPQhR4TKpc8mBw==",
			"requires": {
				"cliui": "^7.0.2",
				"escalade": "^3.1.1",
				"get-caller-file": "^2.0.5",
				"require-directory": "^2.1.1",
				"string-width": "^4.2.0",
				"y18n": "^5.0.5",
				"yargs-parser": "^20.2.2"
			}
		},
		"yargs-parser": {
			"version": "20.2.7",
			"resolved": "https://registry.npmjs.org/yargs-parser/-/yargs-parser-20.2.7.tgz",
			"integrity": "sha512-FiNkvbeHzB/syOjIUxFDCnhSfzAL8R5vs40MgLFBorXACCOAEaWu0gRZl14vG8MR9AOJIZbmkjhusqBYZ3HTHw=="
		}
	}
}
